
Microsoft Visual Studio Solution File, Format Version 12.00
# Visual Studio 14
VisualStudioVersion = 14.0.25420.1
MinimumVisualStudioVersion = 10.0.40219.1
Project("{FAE04EC0-301F-11D3-BF4B-00C04F79EFBC}") = "MusicWriter", "MusicWriter\MusicWriter.csproj", "{81FBA089-8E59-4A00-B68B-7153DD9EDD27}"
EndProject
Project("{FAE04EC0-301F-11D3-BF4B-00C04F79EFBC}") = "MusicWriter.WinForms", "MusicWriter.WinForms\MusicWriter.WinForms.csproj", "{550F014D-1E7D-43C4-BB0F-F45CADC06FBC}"
EndProject
Global
	GlobalSection(SolutionConfigurationPlatforms) = preSolution
		Debug|Any CPU = Debug|Any CPU
		Release|Any CPU = Release|Any CPU
	EndGlobalSection
	GlobalSection(ProjectConfigurationPlatforms) = postSolution
		{81FBA089-8E59-4A00-B68B-7153DD9EDD27}.Debug|Any CPU.ActiveCfg = Debug|Any CPU
		{81FBA089-8E59-4A00-B68B-7153DD9EDD27}.Debug|Any CPU.Build.0 = Debug|Any CPU
		{81FBA089-8E59-4A00-B68B-7153DD9EDD27}.Release|Any CPU.ActiveCfg = Release|Any CPU
		{81FBA089-8E59-4A00-B68B-7153DD9EDD27}.Release|Any CPU.Build.0 = Release|Any CPU
		{550F014D-1E7D-43C4-BB0F-F45CADC06FBC}.Debug|Any CPU.ActiveCfg = Debug|Any CPU
		{550F014D-1E7D-43C4-BB0F-F45CADC06FBC}.Debug|Any CPU.Build.0 = Debug|Any CPU
		{550F014D-1E7D-43C4-BB0F-F45CADC06FBC}.Release|Any CPU.ActiveCfg = Release|Any CPU
		{550F014D-1E7D-43C4-BB0F-F45CADC06FBC}.Release|Any CPU.Build.0 = Release|Any CPU
	EndGlobalSection
	GlobalSection(SolutionProperties) = preSolution
		HideSolutionNode = FALSE
	EndGlobalSection
EndGlobal
