
Microsoft Visual Studio Solution File, Format Version 12.00
# Visual Studio 14
VisualStudioVersion = 14.0.25420.1
MinimumVisualStudioVersion = 10.0.40219.1
Project("{FAE04EC0-301F-11D3-BF4B-00C04F79EFBC}") = "MusicWriter", "MusicWriter\MusicWriter.csproj", "{81FBA089-8E59-4A00-B68B-7153DD9EDD27}"
EndProject
Project("{FAE04EC0-301F-11D3-BF4B-00C04F79EFBC}") = "MusicWriter.WinForms", "MusicWriter.WinForms\MusicWriter.WinForms.csproj", "{550F014D-1E7D-43C4-BB0F-F45CADC06FBC}"
EndProject
Project("{2150E333-8FDC-42A3-9474-1A3956D46DE8}") = "test", "test", "{BBB4344F-C4C0-42D6-A16E-B0B6A7F0E4AE}"
EndProject
Project("{2150E333-8FDC-42A3-9474-1A3956D46DE8}") = "midi", "midi", "{4EEDFE81-04BD-4D7B-A86F-F2D3E81E1AAE}"
	ProjectSection(SolutionItems) = preProject
		test\midi\44-up-the-scale-C.mid = test\midi\44-up-the-scale-C.mid
		test\midi\changing-time-sigs.mid = test\midi\changing-time-sigs.mid
		test\midi\different-time-sigs.mid = test\midi\different-time-sigs.mid
	EndProjectSection
EndProject
Project("{2150E333-8FDC-42A3-9474-1A3956D46DE8}") = "files", "files", "{A3C9FFAD-D6D0-46AB-9B3F-9E0C0150D591}"
	ProjectSection(SolutionItems) = preProject
		test\files\file-2.musicwriter = test\files\file-2.musicwriter
		test\files\first-file.musicwriter = test\files\first-file.musicwriter
	EndProjectSection
EndProject
Global
	GlobalSection(SolutionConfigurationPlatforms) = preSolution
		Debug|Any CPU = Debug|Any CPU
		Debug|x64 = Debug|x64
		Debug|x86 = Debug|x86
		Release|Any CPU = Release|Any CPU
		Release|x64 = Release|x64
		Release|x86 = Release|x86
	EndGlobalSection
	GlobalSection(ProjectConfigurationPlatforms) = postSolution
		{81FBA089-8E59-4A00-B68B-7153DD9EDD27}.Debug|Any CPU.ActiveCfg = Debug|Any CPU
		{81FBA089-8E59-4A00-B68B-7153DD9EDD27}.Debug|Any CPU.Build.0 = Debug|Any CPU
		{81FBA089-8E59-4A00-B68B-7153DD9EDD27}.Debug|x64.ActiveCfg = Debug|Any CPU
		{81FBA089-8E59-4A00-B68B-7153DD9EDD27}.Debug|x64.Build.0 = Debug|Any CPU
		{81FBA089-8E59-4A00-B68B-7153DD9EDD27}.Debug|x86.ActiveCfg = Debug|Any CPU
		{81FBA089-8E59-4A00-B68B-7153DD9EDD27}.Debug|x86.Build.0 = Debug|Any CPU
		{81FBA089-8E59-4A00-B68B-7153DD9EDD27}.Release|Any CPU.ActiveCfg = Release|Any CPU
		{81FBA089-8E59-4A00-B68B-7153DD9EDD27}.Release|Any CPU.Build.0 = Release|Any CPU
		{81FBA089-8E59-4A00-B68B-7153DD9EDD27}.Release|x64.ActiveCfg = Release|Any CPU
		{81FBA089-8E59-4A00-B68B-7153DD9EDD27}.Release|x64.Build.0 = Release|Any CPU
		{81FBA089-8E59-4A00-B68B-7153DD9EDD27}.Release|x86.ActiveCfg = Release|Any CPU
		{81FBA089-8E59-4A00-B68B-7153DD9EDD27}.Release|x86.Build.0 = Release|Any CPU
		{550F014D-1E7D-43C4-BB0F-F45CADC06FBC}.Debug|Any CPU.ActiveCfg = Debug|Any CPU
		{550F014D-1E7D-43C4-BB0F-F45CADC06FBC}.Debug|Any CPU.Build.0 = Debug|Any CPU
		{550F014D-1E7D-43C4-BB0F-F45CADC06FBC}.Debug|x64.ActiveCfg = Debug|Any CPU
		{550F014D-1E7D-43C4-BB0F-F45CADC06FBC}.Debug|x64.Build.0 = Debug|Any CPU
		{550F014D-1E7D-43C4-BB0F-F45CADC06FBC}.Debug|x86.ActiveCfg = Debug|Any CPU
		{550F014D-1E7D-43C4-BB0F-F45CADC06FBC}.Debug|x86.Build.0 = Debug|Any CPU
		{550F014D-1E7D-43C4-BB0F-F45CADC06FBC}.Release|Any CPU.ActiveCfg = Release|Any CPU
		{550F014D-1E7D-43C4-BB0F-F45CADC06FBC}.Release|Any CPU.Build.0 = Release|Any CPU
		{550F014D-1E7D-43C4-BB0F-F45CADC06FBC}.Release|x64.ActiveCfg = Release|Any CPU
		{550F014D-1E7D-43C4-BB0F-F45CADC06FBC}.Release|x64.Build.0 = Release|Any CPU
		{550F014D-1E7D-43C4-BB0F-F45CADC06FBC}.Release|x86.ActiveCfg = Release|Any CPU
		{550F014D-1E7D-43C4-BB0F-F45CADC06FBC}.Release|x86.Build.0 = Release|Any CPU
	EndGlobalSection
	GlobalSection(SolutionProperties) = preSolution
		HideSolutionNode = FALSE
	EndGlobalSection
	GlobalSection(NestedProjects) = preSolution
		{4EEDFE81-04BD-4D7B-A86F-F2D3E81E1AAE} = {BBB4344F-C4C0-42D6-A16E-B0B6A7F0E4AE}
		{A3C9FFAD-D6D0-46AB-9B3F-9E0C0150D591} = {BBB4344F-C4C0-42D6-A16E-B0B6A7F0E4AE}
	EndGlobalSection
EndGlobal
